
Microsoft Visual Studio Solution File, Format Version 12.00
# Visual Studio Version 17
VisualStudioVersion = 17.14.36310.24 d17.14
MinimumVisualStudioVersion = 10.0.40219.1
Project("{FAE04EC0-301F-11D3-BF4B-00C04F79EFBC}") = "MyApp", "MyApp.csproj", "{90826361-16B9-4F7B-8B1E-34E0718E821B}"
EndProject
Project("{FAE04EC0-301F-11D3-BF4B-00C04F79EFBC}") = "MyApp.Core", "..\MyApp.Core\MyApp.Core.csproj", "{01152A1A-CF33-4032-BE55-A109525340CC}"
EndProject
Project("{FAE04EC0-301F-11D3-BF4B-00C04F79EFBC}") = "MyApp.Infrastructure", "..\MyApp.Infrastructure\MyApp.Infrastructure.csproj", "{9BF5E030-A939-451D-AC43-93D4CD1A0C8B}"
EndProject
Project("{FAE04EC0-301F-11D3-BF4B-00C04F79EFBC}") = "MyApp.Application", "..\MyApp.Application\MyApp.Application.csproj", "{B9BBB48B-9786-4BF6-AC7A-B9FA9C564367}"
EndProject
Global
	GlobalSection(SolutionConfigurationPlatforms) = preSolution
		Debug|Any CPU = Debug|Any CPU
		Release|Any CPU = Release|Any CPU
	EndGlobalSection
	GlobalSection(ProjectConfigurationPlatforms) = postSolution
		{90826361-16B9-4F7B-8B1E-34E0718E821B}.Debug|Any CPU.ActiveCfg = Debug|Any CPU
		{90826361-16B9-4F7B-8B1E-34E0718E821B}.Debug|Any CPU.Build.0 = Debug|Any CPU
		{90826361-16B9-4F7B-8B1E-34E0718E821B}.Release|Any CPU.ActiveCfg = Release|Any CPU
		{90826361-16B9-4F7B-8B1E-34E0718E821B}.Release|Any CPU.Build.0 = Release|Any CPU
		{01152A1A-CF33-4032-BE55-A109525340CC}.Debug|Any CPU.ActiveCfg = Debug|Any CPU
		{01152A1A-CF33-4032-BE55-A109525340CC}.Debug|Any CPU.Build.0 = Debug|Any CPU
		{01152A1A-CF33-4032-BE55-A109525340CC}.Release|Any CPU.ActiveCfg = Release|Any CPU
		{01152A1A-CF33-4032-BE55-A109525340CC}.Release|Any CPU.Build.0 = Release|Any CPU
		{9BF5E030-A939-451D-AC43-93D4CD1A0C8B}.Debug|Any CPU.ActiveCfg = Debug|Any CPU
		{9BF5E030-A939-451D-AC43-93D4CD1A0C8B}.Debug|Any CPU.Build.0 = Debug|Any CPU
		{9BF5E030-A939-451D-AC43-93D4CD1A0C8B}.Release|Any CPU.ActiveCfg = Release|Any CPU
		{9BF5E030-A939-451D-AC43-93D4CD1A0C8B}.Release|Any CPU.Build.0 = Release|Any CPU
		{B9BBB48B-9786-4BF6-AC7A-B9FA9C564367}.Debug|Any CPU.ActiveCfg = Debug|Any CPU
		{B9BBB48B-9786-4BF6-AC7A-B9FA9C564367}.Debug|Any CPU.Build.0 = Debug|Any CPU
		{B9BBB48B-9786-4BF6-AC7A-B9FA9C564367}.Release|Any CPU.ActiveCfg = Release|Any CPU
		{B9BBB48B-9786-4BF6-AC7A-B9FA9C564367}.Release|Any CPU.Build.0 = Release|Any CPU
	EndGlobalSection
	GlobalSection(SolutionProperties) = preSolution
		HideSolutionNode = FALSE
	EndGlobalSection
	GlobalSection(ExtensibilityGlobals) = postSolution
		SolutionGuid = {7FB136B5-DE8B-4296-BD03-58732AF1FD75}
	EndGlobalSection
EndGlobal
